
Microsoft Visual Studio Solution File, Format Version 12.00
# Visual Studio 14
VisualStudioVersion = 14.0.25420.1
MinimumVisualStudioVersion = 10.0.40219.1
Project("{FAE04EC0-301F-11D3-BF4B-00C04F79EFBC}") = "GitHubUpdater.Shared", "GitHubUpdater.Shared\GitHubUpdater.Shared.csproj", "{667520CF-2973-4AF9-8A83-95064F10EC6C}"
EndProject
Project("{FAE04EC0-301F-11D3-BF4B-00C04F79EFBC}") = "GitHubUpdater.CLI", "GitHubUpdater.CLI\GitHubUpdater.CLI.csproj", "{57A73ADB-CAD8-4169-9DE5-073AEFAAF270}"
EndProject
Project("{2150E333-8FDC-42A3-9474-1A3956D46DE8}") = "Solution Items", "Solution Items", "{B2C38558-3E6E-4393-8B83-4C29140C9F53}"
	ProjectSection(SolutionItems) = preProject
		.gitattributes = .gitattributes
		.gitignore = .gitignore
		CHANGELOG.md = CHANGELOG.md
		LICENSE = LICENSE
		README.md = README.md
		VersionInfo.cs = VersionInfo.cs
	EndProjectSection
EndProject
Project("{FAE04EC0-301F-11D3-BF4B-00C04F79EFBC}") = "GitHubUpdater.WPF", "GitHubUpdater.WPF\GitHubUpdater.WPF.csproj", "{768C2092-6670-48EF-982B-948F1451544A}"
EndProject
Global
	GlobalSection(SolutionConfigurationPlatforms) = preSolution
		Debug|Any CPU = Debug|Any CPU
		Release|Any CPU = Release|Any CPU
	EndGlobalSection
	GlobalSection(ProjectConfigurationPlatforms) = postSolution
		{667520CF-2973-4AF9-8A83-95064F10EC6C}.Debug|Any CPU.ActiveCfg = Debug|Any CPU
		{667520CF-2973-4AF9-8A83-95064F10EC6C}.Debug|Any CPU.Build.0 = Debug|Any CPU
		{667520CF-2973-4AF9-8A83-95064F10EC6C}.Release|Any CPU.ActiveCfg = Release|Any CPU
		{667520CF-2973-4AF9-8A83-95064F10EC6C}.Release|Any CPU.Build.0 = Release|Any CPU
		{57A73ADB-CAD8-4169-9DE5-073AEFAAF270}.Debug|Any CPU.ActiveCfg = Debug|Any CPU
		{57A73ADB-CAD8-4169-9DE5-073AEFAAF270}.Debug|Any CPU.Build.0 = Debug|Any CPU
		{57A73ADB-CAD8-4169-9DE5-073AEFAAF270}.Release|Any CPU.ActiveCfg = Release|Any CPU
		{57A73ADB-CAD8-4169-9DE5-073AEFAAF270}.Release|Any CPU.Build.0 = Release|Any CPU
		{768C2092-6670-48EF-982B-948F1451544A}.Debug|Any CPU.ActiveCfg = Debug|Any CPU
		{768C2092-6670-48EF-982B-948F1451544A}.Debug|Any CPU.Build.0 = Debug|Any CPU
		{768C2092-6670-48EF-982B-948F1451544A}.Release|Any CPU.ActiveCfg = Release|Any CPU
		{768C2092-6670-48EF-982B-948F1451544A}.Release|Any CPU.Build.0 = Release|Any CPU
	EndGlobalSection
	GlobalSection(SolutionProperties) = preSolution
		HideSolutionNode = FALSE
	EndGlobalSection
EndGlobal
